
Microsoft Visual Studio Solution File, Format Version 12.00
# Visual Studio Version 16
VisualStudioVersion = 16.0.32510.428
MinimumVisualStudioVersion = 10.0.40219.1
Project("{9A19103F-16F7-4668-BE54-9A1E7A4F7556}") = "WebApplication1", "WebApplication1\WebApplication1.csproj", "{97A3C0A0-110F-40A2-BAEE-04E168A1B301}"
EndProject
Global
	GlobalSection(SolutionConfigurationPlatforms) = preSolution
		Debug|Any CPU = Debug|Any CPU
		Release|Any CPU = Release|Any CPU
	EndGlobalSection
	GlobalSection(ProjectConfigurationPlatforms) = postSolution
		{97A3C0A0-110F-40A2-BAEE-04E168A1B301}.Debug|Any CPU.ActiveCfg = Debug|Any CPU
		{97A3C0A0-110F-40A2-BAEE-04E168A1B301}.Debug|Any CPU.Build.0 = Debug|Any CPU
		{97A3C0A0-110F-40A2-BAEE-04E168A1B301}.Release|Any CPU.ActiveCfg = Release|Any CPU
		{97A3C0A0-110F-40A2-BAEE-04E168A1B301}.Release|Any CPU.Build.0 = Release|Any CPU
	EndGlobalSection
	GlobalSection(SolutionProperties) = preSolution
		HideSolutionNode = FALSE
	EndGlobalSection
	GlobalSection(ExtensibilityGlobals) = postSolution
		SolutionGuid = {BBFC7F34-4DCF-4FE7-9B23-2FEF22CCD36E}
	EndGlobalSection
EndGlobal
